
Microsoft Visual Studio Solution File, Format Version 12.00
# Visual Studio 15
VisualStudioVersion = 15.0.28307.421
MinimumVisualStudioVersion = 10.0.40219.1
Project("{FAE04EC0-301F-11D3-BF4B-00C04F79EFBC}") = "Homework1", "Homework1\Homework1.csproj", "{7FC10520-6DCE-46A6-B64D-8EDFDC5530DC}"
EndProject
Project("{FAE04EC0-301F-11D3-BF4B-00C04F79EFBC}") = "Hw2-calculator", "Hw2-calculator\Hw2-calculator.csproj", "{F4538145-1CC9-47CE-A775-7426DCDF5806}"
EndProject
Global
	GlobalSection(SolutionConfigurationPlatforms) = preSolution
		Debug|Any CPU = Debug|Any CPU
		Release|Any CPU = Release|Any CPU
	EndGlobalSection
	GlobalSection(ProjectConfigurationPlatforms) = postSolution
		{7FC10520-6DCE-46A6-B64D-8EDFDC5530DC}.Debug|Any CPU.ActiveCfg = Debug|Any CPU
		{7FC10520-6DCE-46A6-B64D-8EDFDC5530DC}.Debug|Any CPU.Build.0 = Debug|Any CPU
		{7FC10520-6DCE-46A6-B64D-8EDFDC5530DC}.Release|Any CPU.ActiveCfg = Release|Any CPU
		{7FC10520-6DCE-46A6-B64D-8EDFDC5530DC}.Release|Any CPU.Build.0 = Release|Any CPU
		{F4538145-1CC9-47CE-A775-7426DCDF5806}.Debug|Any CPU.ActiveCfg = Debug|Any CPU
		{F4538145-1CC9-47CE-A775-7426DCDF5806}.Debug|Any CPU.Build.0 = Debug|Any CPU
		{F4538145-1CC9-47CE-A775-7426DCDF5806}.Release|Any CPU.ActiveCfg = Release|Any CPU
		{F4538145-1CC9-47CE-A775-7426DCDF5806}.Release|Any CPU.Build.0 = Release|Any CPU
	EndGlobalSection
	GlobalSection(SolutionProperties) = preSolution
		HideSolutionNode = FALSE
	EndGlobalSection
	GlobalSection(ExtensibilityGlobals) = postSolution
		SolutionGuid = {CA2FF4DF-53D9-42F6-B8E0-24308F3B0601}
	EndGlobalSection
EndGlobal
